<?xml version="1.0" encoding="utf-8"?>
<Project ToolsVersion="4.0" xmlns="http://schemas.microsoft.com/developer/msbuild/2003">
  <ItemGroup>
    <Filter Include="Pliki źródłowe">
      <UniqueIdentifier>{4FC737F1-C7A5-4376-A066-2A32D752A2FF}</UniqueIdentifier>
      <Extensions>cpp;c;cc;cxx;c++;def;odl;idl;hpj;bat;asm;asmx</Extensions>
    </Filter>
    <Filter Include="Pliki nagłówkowe">
      <UniqueIdentifier>{93995380-89BD-4b04-88EB-625FBE52EBFB}</UniqueIdentifier>
      <Extensions>h;hh;hpp;hxx;h++;hm;inl;inc;ipp;xsd</Extensions>
    </Filter>
    <Filter Include="Pliki zasobów">
      <UniqueIdentifier>{67DA6AB6-F800-4c08-8B7A-83BB121AAD01}</UniqueIdentifier>
      <Extensions>rc;ico;cur;bmp;dlg;rc2;rct;bin;rgs;gif;jpg;jpeg;jpe;resx;tiff;tif;png;wav;mfcribbon-ms</Extensions>
    </Filter>
  </ItemGroup>
  <ItemGroup>
    <ClCompile Include="rosserial_hello_world.cpp">
      <Filter>Pliki źródłowe</Filter>
    </ClCompile>
    <ClCompile Include="stdafx.cpp">
      <Filter>Pliki źródłowe</Filter>
    </ClCompile>
    <ClCompile Include="..\ros_lib\duration.cpp">
      <Filter>Pliki źródłowe</Filter>
    </ClCompile>
    <ClCompile Include="..\ros_lib\time.cpp">
      <Filter>Pliki źródłowe</Filter>
    </ClCompile>
    <ClCompile Include="..\ros_lib\WindowsSocket.cpp">
      <Filter>Pliki źródłowe</Filter>
    </ClCompile>
  </ItemGroup>
  <ItemGroup>
    <ClInclude Include="stdafx.h">
      <Filter>Pliki nagłówkowe</Filter>
    </ClInclude>
    <ClInclude Include="..\ros_lib\actionlib\TestAction.h">
      <Filter>Pliki nagłówkowe</Filter>
    </ClInclude>
    <ClInclude Include="..\ros_lib\actionlib\TestActionFeedback.h">
      <Filter>Pliki nagłówkowe</Filter>
    </ClInclude>
    <ClInclude Include="..\ros_lib\actionlib\TestActionGoal.h">
      <Filter>Pliki nagłówkowe</Filter>
    </ClInclude>
    <ClInclude Include="..\ros_lib\actionlib\TestActionResult.h">
      <Filter>Pliki nagłówkowe</Filter>
    </ClInclude>
    <ClInclude Include="..\ros_lib\actionlib\TestFeedback.h">
      <Filter>Pliki nagłówkowe</Filter>
    </ClInclude>
    <ClInclude Include="..\ros_lib\actionlib\TestGoal.h">
      <Filter>Pliki nagłówkowe</Filter>
    </ClInclude>
    <ClInclude Include="..\ros_lib\actionlib\TestRequestAction.h">
      <Filter>Pliki nagłówkowe</Filter>
    </ClInclude>
    <ClInclude Include="..\ros_lib\actionlib\TestRequestActionFeedback.h">
      <Filter>Pliki nagłówkowe</Filter>
    </ClInclude>
    <ClInclude Include="..\ros_lib\actionlib\TestRequestActionGoal.h">
      <Filter>Pliki nagłówkowe</Filter>
    </ClInclude>
    <ClInclude Include="..\ros_lib\actionlib\TestRequestActionResult.h">
      <Filter>Pliki nagłówkowe</Filter>
    </ClInclude>
    <ClInclude Include="..\ros_lib\actionlib\TestRequestFeedback.h">
      <Filter>Pliki nagłówkowe</Filter>
    </ClInclude>
    <ClInclude Include="..\ros_lib\actionlib\TestRequestGoal.h">
      <Filter>Pliki nagłówkowe</Filter>
    </ClInclude>
    <ClInclude Include="..\ros_lib\actionlib\TestRequestResult.h">
      <Filter>Pliki nagłówkowe</Filter>
    </ClInclude>
    <ClInclude Include="..\ros_lib\actionlib\TestResult.h">
      <Filter>Pliki nagłówkowe</Filter>
    </ClInclude>
    <ClInclude Include="..\ros_lib\actionlib\TwoIntsAction.h">
      <Filter>Pliki nagłówkowe</Filter>
    </ClInclude>
    <ClInclude Include="..\ros_lib\actionlib\TwoIntsActionFeedback.h">
      <Filter>Pliki nagłówkowe</Filter>
    </ClInclude>
    <ClInclude Include="..\ros_lib\actionlib\TwoIntsActionGoal.h">
      <Filter>Pliki nagłówkowe</Filter>
    </ClInclude>
    <ClInclude Include="..\ros_lib\actionlib\TwoIntsActionResult.h">
      <Filter>Pliki nagłówkowe</Filter>
    </ClInclude>
    <ClInclude Include="..\ros_lib\actionlib\TwoIntsFeedback.h">
      <Filter>Pliki nagłówkowe</Filter>
    </ClInclude>
    <ClInclude Include="..\ros_lib\actionlib\TwoIntsGoal.h">
      <Filter>Pliki nagłówkowe</Filter>
    </ClInclude>
    <ClInclude Include="..\ros_lib\actionlib\TwoIntsResult.h">
      <Filter>Pliki nagłówkowe</Filter>
    </ClInclude>
    <ClInclude Include="..\ros_lib\actionlib_msgs\GoalID.h">
      <Filter>Pliki nagłówkowe</Filter>
    </ClInclude>
    <ClInclude Include="..\ros_lib\actionlib_msgs\GoalStatus.h">
      <Filter>Pliki nagłówkowe</Filter>
    </ClInclude>
    <ClInclude Include="..\ros_lib\actionlib_msgs\GoalStatusArray.h">
      <Filter>Pliki nagłówkowe</Filter>
    </ClInclude>
    <ClInclude Include="..\ros_lib\actionlib_tutorials\AveragingAction.h">
      <Filter>Pliki nagłówkowe</Filter>
    </ClInclude>
    <ClInclude Include="..\ros_lib\actionlib_tutorials\AveragingActionFeedback.h">
      <Filter>Pliki nagłówkowe</Filter>
    </ClInclude>
    <ClInclude Include="..\ros_lib\actionlib_tutorials\AveragingActionGoal.h">
      <Filter>Pliki nagłówkowe</Filter>
    </ClInclude>
    <ClInclude Include="..\ros_lib\actionlib_tutorials\AveragingActionResult.h">
      <Filter>Pliki nagłówkowe</Filter>
    </ClInclude>
    <ClInclude Include="..\ros_lib\actionlib_tutorials\AveragingFeedback.h">
      <Filter>Pliki nagłówkowe</Filter>
    </ClInclude>
    <ClInclude Include="..\ros_lib\actionlib_tutorials\AveragingGoal.h">
      <Filter>Pliki nagłówkowe</Filter>
    </ClInclude>
    <ClInclude Include="..\ros_lib\actionlib_tutorials\AveragingResult.h">
      <Filter>Pliki nagłówkowe</Filter>
    </ClInclude>
    <ClInclude Include="..\ros_lib\actionlib_tutorials\FibonacciAction.h">
      <Filter>Pliki nagłówkowe</Filter>
    </ClInclude>
    <ClInclude Include="..\ros_lib\actionlib_tutorials\FibonacciActionFeedback.h">
      <Filter>Pliki nagłówkowe</Filter>
    </ClInclude>
    <ClInclude Include="..\ros_lib\actionlib_tutorials\FibonacciActionGoal.h">
      <Filter>Pliki nagłówkowe</Filter>
    </ClInclude>
    <ClInclude Include="..\ros_lib\actionlib_tutorials\FibonacciActionResult.h">
      <Filter>Pliki nagłówkowe</Filter>
    </ClInclude>
    <ClInclude Include="..\ros_lib\actionlib_tutorials\FibonacciFeedback.h">
      <Filter>Pliki nagłówkowe</Filter>
    </ClInclude>
    <ClInclude Include="..\ros_lib\actionlib_tutorials\FibonacciGoal.h">
      <Filter>Pliki nagłówkowe</Filter>
    </ClInclude>
    <ClInclude Include="..\ros_lib\actionlib_tutorials\FibonacciResult.h">
      <Filter>Pliki nagłówkowe</Filter>
    </ClInclude>
    <ClInclude Include="..\ros_lib\bond\Constants.h">
      <Filter>Pliki nagłówkowe</Filter>
    </ClInclude>
    <ClInclude Include="..\ros_lib\bond\Status.h">
      <Filter>Pliki nagłówkowe</Filter>
    </ClInclude>
    <ClInclude Include="..\ros_lib\controller_manager_msgs\ControllersStatistics.h">
      <Filter>Pliki nagłówkowe</Filter>
    </ClInclude>
    <ClInclude Include="..\ros_lib\controller_manager_msgs\ControllerState.h">
      <Filter>Pliki nagłówkowe</Filter>
    </ClInclude>
    <ClInclude Include="..\ros_lib\controller_manager_msgs\ControllerStatistics.h">
      <Filter>Pliki nagłówkowe</Filter>
    </ClInclude>
    <ClInclude Include="..\ros_lib\controller_manager_msgs\HardwareInterfaceResources.h">
      <Filter>Pliki nagłówkowe</Filter>
    </ClInclude>
    <ClInclude Include="..\ros_lib\controller_manager_msgs\ListControllers.h">
      <Filter>Pliki nagłówkowe</Filter>
    </ClInclude>
    <ClInclude Include="..\ros_lib\controller_manager_msgs\ListControllerTypes.h">
      <Filter>Pliki nagłówkowe</Filter>
    </ClInclude>
    <ClInclude Include="..\ros_lib\controller_manager_msgs\LoadController.h">
      <Filter>Pliki nagłówkowe</Filter>
    </ClInclude>
    <ClInclude Include="..\ros_lib\controller_manager_msgs\ReloadControllerLibraries.h">
      <Filter>Pliki nagłówkowe</Filter>
    </ClInclude>
    <ClInclude Include="..\ros_lib\controller_manager_msgs\SwitchController.h">
      <Filter>Pliki nagłówkowe</Filter>
    </ClInclude>
    <ClInclude Include="..\ros_lib\controller_manager_msgs\UnloadController.h">
      <Filter>Pliki nagłówkowe</Filter>
    </ClInclude>
    <ClInclude Include="..\ros_lib\control_msgs\FollowJointTrajectoryAction.h">
      <Filter>Pliki nagłówkowe</Filter>
    </ClInclude>
    <ClInclude Include="..\ros_lib\control_msgs\FollowJointTrajectoryActionFeedback.h">
      <Filter>Pliki nagłówkowe</Filter>
    </ClInclude>
    <ClInclude Include="..\ros_lib\control_msgs\FollowJointTrajectoryActionGoal.h">
      <Filter>Pliki nagłówkowe</Filter>
    </ClInclude>
    <ClInclude Include="..\ros_lib\control_msgs\FollowJointTrajectoryActionResult.h">
      <Filter>Pliki nagłówkowe</Filter>
    </ClInclude>
    <ClInclude Include="..\ros_lib\control_msgs\FollowJointTrajectoryFeedback.h">
      <Filter>Pliki nagłówkowe</Filter>
    </ClInclude>
    <ClInclude Include="..\ros_lib\control_msgs\FollowJointTrajectoryGoal.h">
      <Filter>Pliki nagłówkowe</Filter>
    </ClInclude>
    <ClInclude Include="..\ros_lib\control_msgs\FollowJointTrajectoryResult.h">
      <Filter>Pliki nagłówkowe</Filter>
    </ClInclude>
    <ClInclude Include="..\ros_lib\control_msgs\GripperCommand.h">
      <Filter>Pliki nagłówkowe</Filter>
    </ClInclude>
    <ClInclude Include="..\ros_lib\control_msgs\GripperCommandAction.h">
      <Filter>Pliki nagłówkowe</Filter>
    </ClInclude>
    <ClInclude Include="..\ros_lib\control_msgs\GripperCommandActionFeedback.h">
      <Filter>Pliki nagłówkowe</Filter>
    </ClInclude>
    <ClInclude Include="..\ros_lib\control_msgs\GripperCommandActionGoal.h">
      <Filter>Pliki nagłówkowe</Filter>
    </ClInclude>
    <ClInclude Include="..\ros_lib\control_msgs\GripperCommandActionResult.h">
      <Filter>Pliki nagłówkowe</Filter>
    </ClInclude>
    <ClInclude Include="..\ros_lib\control_msgs\GripperCommandFeedback.h">
      <Filter>Pliki nagłówkowe</Filter>
    </ClInclude>
    <ClInclude Include="..\ros_lib\control_msgs\GripperCommandGoal.h">
      <Filter>Pliki nagłówkowe</Filter>
    </ClInclude>
    <ClInclude Include="..\ros_lib\control_msgs\GripperCommandResult.h">
      <Filter>Pliki nagłówkowe</Filter>
    </ClInclude>
    <ClInclude Include="..\ros_lib\control_msgs\JointControllerState.h">
      <Filter>Pliki nagłówkowe</Filter>
    </ClInclude>
    <ClInclude Include="..\ros_lib\control_msgs\JointJog.h">
      <Filter>Pliki nagłówkowe</Filter>
    </ClInclude>
    <ClInclude Include="..\ros_lib\control_msgs\JointTolerance.h">
      <Filter>Pliki nagłówkowe</Filter>
    </ClInclude>
    <ClInclude Include="..\ros_lib\control_msgs\JointTrajectoryAction.h">
      <Filter>Pliki nagłówkowe</Filter>
    </ClInclude>
    <ClInclude Include="..\ros_lib\control_msgs\JointTrajectoryActionFeedback.h">
      <Filter>Pliki nagłówkowe</Filter>
    </ClInclude>
    <ClInclude Include="..\ros_lib\control_msgs\JointTrajectoryActionGoal.h">
      <Filter>Pliki nagłówkowe</Filter>
    </ClInclude>
    <ClInclude Include="..\ros_lib\control_msgs\JointTrajectoryActionResult.h">
      <Filter>Pliki nagłówkowe</Filter>
    </ClInclude>
    <ClInclude Include="..\ros_lib\control_msgs\JointTrajectoryControllerState.h">
      <Filter>Pliki nagłówkowe</Filter>
    </ClInclude>
    <ClInclude Include="..\ros_lib\control_msgs\JointTrajectoryFeedback.h">
      <Filter>Pliki nagłówkowe</Filter>
    </ClInclude>
    <ClInclude Include="..\ros_lib\control_msgs\JointTrajectoryGoal.h">
      <Filter>Pliki nagłówkowe</Filter>
    </ClInclude>
    <ClInclude Include="..\ros_lib\control_msgs\JointTrajectoryResult.h">
      <Filter>Pliki nagłówkowe</Filter>
    </ClInclude>
    <ClInclude Include="..\ros_lib\control_msgs\PidState.h">
      <Filter>Pliki nagłówkowe</Filter>
    </ClInclude>
    <ClInclude Include="..\ros_lib\control_msgs\PointHeadAction.h">
      <Filter>Pliki nagłówkowe</Filter>
    </ClInclude>
    <ClInclude Include="..\ros_lib\control_msgs\PointHeadActionFeedback.h">
      <Filter>Pliki nagłówkowe</Filter>
    </ClInclude>
    <ClInclude Include="..\ros_lib\control_msgs\PointHeadActionGoal.h">
      <Filter>Pliki nagłówkowe</Filter>
    </ClInclude>
    <ClInclude Include="..\ros_lib\control_msgs\PointHeadActionResult.h">
      <Filter>Pliki nagłówkowe</Filter>
    </ClInclude>
    <ClInclude Include="..\ros_lib\control_msgs\PointHeadFeedback.h">
      <Filter>Pliki nagłówkowe</Filter>
    </ClInclude>
    <ClInclude Include="..\ros_lib\control_msgs\PointHeadGoal.h">
      <Filter>Pliki nagłówkowe</Filter>
    </ClInclude>
    <ClInclude Include="..\ros_lib\control_msgs\PointHeadResult.h">
      <Filter>Pliki nagłówkowe</Filter>
    </ClInclude>
    <ClInclude Include="..\ros_lib\control_msgs\QueryCalibrationState.h">
      <Filter>Pliki nagłówkowe</Filter>
    </ClInclude>
    <ClInclude Include="..\ros_lib\control_msgs\QueryTrajectoryState.h">
      <Filter>Pliki nagłówkowe</Filter>
    </ClInclude>
    <ClInclude Include="..\ros_lib\control_msgs\SingleJointPositionAction.h">
      <Filter>Pliki nagłówkowe</Filter>
    </ClInclude>
    <ClInclude Include="..\ros_lib\control_msgs\SingleJointPositionActionFeedback.h">
      <Filter>Pliki nagłówkowe</Filter>
    </ClInclude>
    <ClInclude Include="..\ros_lib\control_msgs\SingleJointPositionActionGoal.h">
      <Filter>Pliki nagłówkowe</Filter>
    </ClInclude>
    <ClInclude Include="..\ros_lib\control_msgs\SingleJointPositionActionResult.h">
      <Filter>Pliki nagłówkowe</Filter>
    </ClInclude>
    <ClInclude Include="..\ros_lib\control_msgs\SingleJointPositionFeedback.h">
      <Filter>Pliki nagłówkowe</Filter>
    </ClInclude>
    <ClInclude Include="..\ros_lib\control_msgs\SingleJointPositionGoal.h">
      <Filter>Pliki nagłówkowe</Filter>
    </ClInclude>
    <ClInclude Include="..\ros_lib\control_msgs\SingleJointPositionResult.h">
      <Filter>Pliki nagłówkowe</Filter>
    </ClInclude>
    <ClInclude Include="..\ros_lib\control_toolbox\SetPidGains.h">
      <Filter>Pliki nagłówkowe</Filter>
    </ClInclude>
    <ClInclude Include="..\ros_lib\diagnostic_msgs\AddDiagnostics.h">
      <Filter>Pliki nagłówkowe</Filter>
    </ClInclude>
    <ClInclude Include="..\ros_lib\diagnostic_msgs\DiagnosticArray.h">
      <Filter>Pliki nagłówkowe</Filter>
    </ClInclude>
    <ClInclude Include="..\ros_lib\diagnostic_msgs\DiagnosticStatus.h">
      <Filter>Pliki nagłówkowe</Filter>
    </ClInclude>
    <ClInclude Include="..\ros_lib\diagnostic_msgs\KeyValue.h">
      <Filter>Pliki nagłówkowe</Filter>
    </ClInclude>
    <ClInclude Include="..\ros_lib\diagnostic_msgs\SelfTest.h">
      <Filter>Pliki nagłówkowe</Filter>
    </ClInclude>
    <ClInclude Include="..\ros_lib\dynamic_reconfigure\BoolParameter.h">
      <Filter>Pliki nagłówkowe</Filter>
    </ClInclude>
    <ClInclude Include="..\ros_lib\dynamic_reconfigure\Config.h">
      <Filter>Pliki nagłówkowe</Filter>
    </ClInclude>
    <ClInclude Include="..\ros_lib\dynamic_reconfigure\ConfigDescription.h">
      <Filter>Pliki nagłówkowe</Filter>
    </ClInclude>
    <ClInclude Include="..\ros_lib\dynamic_reconfigure\DoubleParameter.h">
      <Filter>Pliki nagłówkowe</Filter>
    </ClInclude>
    <ClInclude Include="..\ros_lib\dynamic_reconfigure\Group.h">
      <Filter>Pliki nagłówkowe</Filter>
    </ClInclude>
    <ClInclude Include="..\ros_lib\dynamic_reconfigure\GroupState.h">
      <Filter>Pliki nagłówkowe</Filter>
    </ClInclude>
    <ClInclude Include="..\ros_lib\dynamic_reconfigure\IntParameter.h">
      <Filter>Pliki nagłówkowe</Filter>
    </ClInclude>
    <ClInclude Include="..\ros_lib\dynamic_reconfigure\ParamDescription.h">
      <Filter>Pliki nagłówkowe</Filter>
    </ClInclude>
    <ClInclude Include="..\ros_lib\dynamic_reconfigure\Reconfigure.h">
      <Filter>Pliki nagłówkowe</Filter>
    </ClInclude>
    <ClInclude Include="..\ros_lib\dynamic_reconfigure\SensorLevels.h">
      <Filter>Pliki nagłówkowe</Filter>
    </ClInclude>
    <ClInclude Include="..\ros_lib\dynamic_reconfigure\StrParameter.h">
      <Filter>Pliki nagłówkowe</Filter>
    </ClInclude>
    <ClInclude Include="..\ros_lib\gazebo_msgs\ApplyBodyWrench.h">
      <Filter>Pliki nagłówkowe</Filter>
    </ClInclude>
    <ClInclude Include="..\ros_lib\gazebo_msgs\ApplyJointEffort.h">
      <Filter>Pliki nagłówkowe</Filter>
    </ClInclude>
    <ClInclude Include="..\ros_lib\gazebo_msgs\BodyRequest.h">
      <Filter>Pliki nagłówkowe</Filter>
    </ClInclude>
    <ClInclude Include="..\ros_lib\gazebo_msgs\ContactsState.h">
      <Filter>Pliki nagłówkowe</Filter>
    </ClInclude>
    <ClInclude Include="..\ros_lib\gazebo_msgs\ContactState.h">
      <Filter>Pliki nagłówkowe</Filter>
    </ClInclude>
    <ClInclude Include="..\ros_lib\gazebo_msgs\DeleteLight.h">
      <Filter>Pliki nagłówkowe</Filter>
    </ClInclude>
    <ClInclude Include="..\ros_lib\gazebo_msgs\DeleteModel.h">
      <Filter>Pliki nagłówkowe</Filter>
    </ClInclude>
    <ClInclude Include="..\ros_lib\gazebo_msgs\GetJointProperties.h">
      <Filter>Pliki nagłówkowe</Filter>
    </ClInclude>
    <ClInclude Include="..\ros_lib\gazebo_msgs\GetLightProperties.h">
      <Filter>Pliki nagłówkowe</Filter>
    </ClInclude>
    <ClInclude Include="..\ros_lib\gazebo_msgs\GetLinkProperties.h">
      <Filter>Pliki nagłówkowe</Filter>
    </ClInclude>
    <ClInclude Include="..\ros_lib\gazebo_msgs\GetLinkState.h">
      <Filter>Pliki nagłówkowe</Filter>
    </ClInclude>
    <ClInclude Include="..\ros_lib\gazebo_msgs\GetModelProperties.h">
      <Filter>Pliki nagłówkowe</Filter>
    </ClInclude>
    <ClInclude Include="..\ros_lib\gazebo_msgs\GetModelState.h">
      <Filter>Pliki nagłówkowe</Filter>
    </ClInclude>
    <ClInclude Include="..\ros_lib\gazebo_msgs\GetPhysicsProperties.h">
      <Filter>Pliki nagłówkowe</Filter>
    </ClInclude>
    <ClInclude Include="..\ros_lib\gazebo_msgs\GetWorldProperties.h">
      <Filter>Pliki nagłówkowe</Filter>
    </ClInclude>
    <ClInclude Include="..\ros_lib\gazebo_msgs\JointRequest.h">
      <Filter>Pliki nagłówkowe</Filter>
    </ClInclude>
    <ClInclude Include="..\ros_lib\gazebo_msgs\LinkState.h">
      <Filter>Pliki nagłówkowe</Filter>
    </ClInclude>
    <ClInclude Include="..\ros_lib\gazebo_msgs\LinkStates.h">
      <Filter>Pliki nagłówkowe</Filter>
    </ClInclude>
    <ClInclude Include="..\ros_lib\gazebo_msgs\ModelState.h">
      <Filter>Pliki nagłówkowe</Filter>
    </ClInclude>
    <ClInclude Include="..\ros_lib\gazebo_msgs\ModelStates.h">
      <Filter>Pliki nagłówkowe</Filter>
    </ClInclude>
    <ClInclude Include="..\ros_lib\gazebo_msgs\ODEJointProperties.h">
      <Filter>Pliki nagłówkowe</Filter>
    </ClInclude>
    <ClInclude Include="..\ros_lib\gazebo_msgs\ODEPhysics.h">
      <Filter>Pliki nagłówkowe</Filter>
    </ClInclude>
    <ClInclude Include="..\ros_lib\gazebo_msgs\SetJointProperties.h">
      <Filter>Pliki nagłówkowe</Filter>
    </ClInclude>
    <ClInclude Include="..\ros_lib\gazebo_msgs\SetJointTrajectory.h">
      <Filter>Pliki nagłówkowe</Filter>
    </ClInclude>
    <ClInclude Include="..\ros_lib\gazebo_msgs\SetLightProperties.h">
      <Filter>Pliki nagłówkowe</Filter>
    </ClInclude>
    <ClInclude Include="..\ros_lib\gazebo_msgs\SetLinkProperties.h">
      <Filter>Pliki nagłówkowe</Filter>
    </ClInclude>
    <ClInclude Include="..\ros_lib\gazebo_msgs\SetLinkState.h">
      <Filter>Pliki nagłówkowe</Filter>
    </ClInclude>
    <ClInclude Include="..\ros_lib\gazebo_msgs\SetModelConfiguration.h">
      <Filter>Pliki nagłówkowe</Filter>
    </ClInclude>
    <ClInclude Include="..\ros_lib\gazebo_msgs\SetModelState.h">
      <Filter>Pliki nagłówkowe</Filter>
    </ClInclude>
    <ClInclude Include="..\ros_lib\gazebo_msgs\SetPhysicsProperties.h">
      <Filter>Pliki nagłówkowe</Filter>
    </ClInclude>
    <ClInclude Include="..\ros_lib\gazebo_msgs\SpawnModel.h">
      <Filter>Pliki nagłówkowe</Filter>
    </ClInclude>
    <ClInclude Include="..\ros_lib\gazebo_msgs\WorldState.h">
      <Filter>Pliki nagłówkowe</Filter>
    </ClInclude>
    <ClInclude Include="..\ros_lib\geometry_msgs\Accel.h">
      <Filter>Pliki nagłówkowe</Filter>
    </ClInclude>
    <ClInclude Include="..\ros_lib\geometry_msgs\AccelStamped.h">
      <Filter>Pliki nagłówkowe</Filter>
    </ClInclude>
    <ClInclude Include="..\ros_lib\geometry_msgs\AccelWithCovariance.h">
      <Filter>Pliki nagłówkowe</Filter>
    </ClInclude>
    <ClInclude Include="..\ros_lib\geometry_msgs\AccelWithCovarianceStamped.h">
      <Filter>Pliki nagłówkowe</Filter>
    </ClInclude>
    <ClInclude Include="..\ros_lib\geometry_msgs\Inertia.h">
      <Filter>Pliki nagłówkowe</Filter>
    </ClInclude>
    <ClInclude Include="..\ros_lib\geometry_msgs\InertiaStamped.h">
      <Filter>Pliki nagłówkowe</Filter>
    </ClInclude>
    <ClInclude Include="..\ros_lib\geometry_msgs\Point.h">
      <Filter>Pliki nagłówkowe</Filter>
    </ClInclude>
    <ClInclude Include="..\ros_lib\geometry_msgs\Point32.h">
      <Filter>Pliki nagłówkowe</Filter>
    </ClInclude>
    <ClInclude Include="..\ros_lib\geometry_msgs\PointStamped.h">
      <Filter>Pliki nagłówkowe</Filter>
    </ClInclude>
    <ClInclude Include="..\ros_lib\geometry_msgs\Polygon.h">
      <Filter>Pliki nagłówkowe</Filter>
    </ClInclude>
    <ClInclude Include="..\ros_lib\geometry_msgs\PolygonStamped.h">
      <Filter>Pliki nagłówkowe</Filter>
    </ClInclude>
    <ClInclude Include="..\ros_lib\geometry_msgs\Pose.h">
      <Filter>Pliki nagłówkowe</Filter>
    </ClInclude>
    <ClInclude Include="..\ros_lib\geometry_msgs\Pose2D.h">
      <Filter>Pliki nagłówkowe</Filter>
    </ClInclude>
    <ClInclude Include="..\ros_lib\geometry_msgs\PoseArray.h">
      <Filter>Pliki nagłówkowe</Filter>
    </ClInclude>
    <ClInclude Include="..\ros_lib\geometry_msgs\PoseStamped.h">
      <Filter>Pliki nagłówkowe</Filter>
    </ClInclude>
    <ClInclude Include="..\ros_lib\geometry_msgs\PoseWithCovariance.h">
      <Filter>Pliki nagłówkowe</Filter>
    </ClInclude>
    <ClInclude Include="..\ros_lib\geometry_msgs\PoseWithCovarianceStamped.h">
      <Filter>Pliki nagłówkowe</Filter>
    </ClInclude>
    <ClInclude Include="..\ros_lib\geometry_msgs\Quaternion.h">
      <Filter>Pliki nagłówkowe</Filter>
    </ClInclude>
    <ClInclude Include="..\ros_lib\geometry_msgs\QuaternionStamped.h">
      <Filter>Pliki nagłówkowe</Filter>
    </ClInclude>
    <ClInclude Include="..\ros_lib\geometry_msgs\Transform.h">
      <Filter>Pliki nagłówkowe</Filter>
    </ClInclude>
    <ClInclude Include="..\ros_lib\geometry_msgs\TransformStamped.h">
      <Filter>Pliki nagłówkowe</Filter>
    </ClInclude>
    <ClInclude Include="..\ros_lib\geometry_msgs\Twist.h">
      <Filter>Pliki nagłówkowe</Filter>
    </ClInclude>
    <ClInclude Include="..\ros_lib\geometry_msgs\TwistStamped.h">
      <Filter>Pliki nagłówkowe</Filter>
    </ClInclude>
    <ClInclude Include="..\ros_lib\geometry_msgs\TwistWithCovariance.h">
      <Filter>Pliki nagłówkowe</Filter>
    </ClInclude>
    <ClInclude Include="..\ros_lib\geometry_msgs\TwistWithCovarianceStamped.h">
      <Filter>Pliki nagłówkowe</Filter>
    </ClInclude>
    <ClInclude Include="..\ros_lib\geometry_msgs\Vector3.h">
      <Filter>Pliki nagłówkowe</Filter>
    </ClInclude>
    <ClInclude Include="..\ros_lib\geometry_msgs\Vector3Stamped.h">
      <Filter>Pliki nagłówkowe</Filter>
    </ClInclude>
    <ClInclude Include="..\ros_lib\geometry_msgs\Wrench.h">
      <Filter>Pliki nagłówkowe</Filter>
    </ClInclude>
    <ClInclude Include="..\ros_lib\geometry_msgs\WrenchStamped.h">
      <Filter>Pliki nagłówkowe</Filter>
    </ClInclude>
    <ClInclude Include="..\ros_lib\laser_assembler\AssembleScans.h">
      <Filter>Pliki nagłówkowe</Filter>
    </ClInclude>
    <ClInclude Include="..\ros_lib\laser_assembler\AssembleScans2.h">
      <Filter>Pliki nagłówkowe</Filter>
    </ClInclude>
    <ClInclude Include="..\ros_lib\map_msgs\GetMapROI.h">
      <Filter>Pliki nagłówkowe</Filter>
    </ClInclude>
    <ClInclude Include="..\ros_lib\map_msgs\GetPointMap.h">
      <Filter>Pliki nagłówkowe</Filter>
    </ClInclude>
    <ClInclude Include="..\ros_lib\map_msgs\GetPointMapROI.h">
      <Filter>Pliki nagłówkowe</Filter>
    </ClInclude>
    <ClInclude Include="..\ros_lib\map_msgs\OccupancyGridUpdate.h">
      <Filter>Pliki nagłówkowe</Filter>
    </ClInclude>
    <ClInclude Include="..\ros_lib\map_msgs\PointCloud2Update.h">
      <Filter>Pliki nagłówkowe</Filter>
    </ClInclude>
    <ClInclude Include="..\ros_lib\map_msgs\ProjectedMap.h">
      <Filter>Pliki nagłówkowe</Filter>
    </ClInclude>
    <ClInclude Include="..\ros_lib\map_msgs\ProjectedMapInfo.h">
      <Filter>Pliki nagłówkowe</Filter>
    </ClInclude>
    <ClInclude Include="..\ros_lib\map_msgs\ProjectedMapsInfo.h">
      <Filter>Pliki nagłówkowe</Filter>
    </ClInclude>
    <ClInclude Include="..\ros_lib\map_msgs\SaveMap.h">
      <Filter>Pliki nagłówkowe</Filter>
    </ClInclude>
    <ClInclude Include="..\ros_lib\map_msgs\SetMapProjections.h">
      <Filter>Pliki nagłówkowe</Filter>
    </ClInclude>
    <ClInclude Include="..\ros_lib\nav_msgs\GetMap.h">
      <Filter>Pliki nagłówkowe</Filter>
    </ClInclude>
    <ClInclude Include="..\ros_lib\nav_msgs\GetMapAction.h">
      <Filter>Pliki nagłówkowe</Filter>
    </ClInclude>
    <ClInclude Include="..\ros_lib\nav_msgs\GetMapActionFeedback.h">
      <Filter>Pliki nagłówkowe</Filter>
    </ClInclude>
    <ClInclude Include="..\ros_lib\nav_msgs\GetMapActionGoal.h">
      <Filter>Pliki nagłówkowe</Filter>
    </ClInclude>
    <ClInclude Include="..\ros_lib\nav_msgs\GetMapActionResult.h">
      <Filter>Pliki nagłówkowe</Filter>
    </ClInclude>
    <ClInclude Include="..\ros_lib\nav_msgs\GetMapFeedback.h">
      <Filter>Pliki nagłówkowe</Filter>
    </ClInclude>
    <ClInclude Include="..\ros_lib\nav_msgs\GetMapGoal.h">
      <Filter>Pliki nagłówkowe</Filter>
    </ClInclude>
    <ClInclude Include="..\ros_lib\nav_msgs\GetMapResult.h">
      <Filter>Pliki nagłówkowe</Filter>
    </ClInclude>
    <ClInclude Include="..\ros_lib\nav_msgs\GetPlan.h">
      <Filter>Pliki nagłówkowe</Filter>
    </ClInclude>
    <ClInclude Include="..\ros_lib\nav_msgs\GridCells.h">
      <Filter>Pliki nagłówkowe</Filter>
    </ClInclude>
    <ClInclude Include="..\ros_lib\nav_msgs\MapMetaData.h">
      <Filter>Pliki nagłówkowe</Filter>
    </ClInclude>
    <ClInclude Include="..\ros_lib\nav_msgs\OccupancyGrid.h">
      <Filter>Pliki nagłówkowe</Filter>
    </ClInclude>
    <ClInclude Include="..\ros_lib\nav_msgs\Odometry.h">
      <Filter>Pliki nagłówkowe</Filter>
    </ClInclude>
    <ClInclude Include="..\ros_lib\nav_msgs\Path.h">
      <Filter>Pliki nagłówkowe</Filter>
    </ClInclude>
    <ClInclude Include="..\ros_lib\nav_msgs\SetMap.h">
      <Filter>Pliki nagłówkowe</Filter>
    </ClInclude>
    <ClInclude Include="..\ros_lib\nodelet\NodeletList.h">
      <Filter>Pliki nagłówkowe</Filter>
    </ClInclude>
    <ClInclude Include="..\ros_lib\nodelet\NodeletLoad.h">
      <Filter>Pliki nagłówkowe</Filter>
    </ClInclude>
    <ClInclude Include="..\ros_lib\nodelet\NodeletUnload.h">
      <Filter>Pliki nagłówkowe</Filter>
    </ClInclude>
    <ClInclude Include="..\ros_lib\pcl_msgs\ModelCoefficients.h">
      <Filter>Pliki nagłówkowe</Filter>
    </ClInclude>
    <ClInclude Include="..\ros_lib\pcl_msgs\PointIndices.h">
      <Filter>Pliki nagłówkowe</Filter>
    </ClInclude>
    <ClInclude Include="..\ros_lib\pcl_msgs\PolygonMesh.h">
      <Filter>Pliki nagłówkowe</Filter>
    </ClInclude>
    <ClInclude Include="..\ros_lib\pcl_msgs\Vertices.h">
      <Filter>Pliki nagłówkowe</Filter>
    </ClInclude>
    <ClInclude Include="..\ros_lib\polled_camera\GetPolledImage.h">
      <Filter>Pliki nagłówkowe</Filter>
    </ClInclude>
    <ClInclude Include="..\ros_lib\ros\duration.h">
      <Filter>Pliki nagłówkowe</Filter>
    </ClInclude>
    <ClInclude Include="..\ros_lib\ros\msg.h">
      <Filter>Pliki nagłówkowe</Filter>
    </ClInclude>
    <ClInclude Include="..\ros_lib\ros\node_handle.h">
      <Filter>Pliki nagłówkowe</Filter>
    </ClInclude>
    <ClInclude Include="..\ros_lib\ros\publisher.h">
      <Filter>Pliki nagłówkowe</Filter>
    </ClInclude>
    <ClInclude Include="..\ros_lib\ros\service_client.h">
      <Filter>Pliki nagłówkowe</Filter>
    </ClInclude>
    <ClInclude Include="..\ros_lib\ros\service_server.h">
      <Filter>Pliki nagłówkowe</Filter>
    </ClInclude>
    <ClInclude Include="..\ros_lib\ros\subscriber.h">
      <Filter>Pliki nagłówkowe</Filter>
    </ClInclude>
    <ClInclude Include="..\ros_lib\ros\time.h">
      <Filter>Pliki nagłówkowe</Filter>
    </ClInclude>
    <ClInclude Include="..\ros_lib\ros.h">
      <Filter>Pliki nagłówkowe</Filter>
    </ClInclude>
    <ClInclude Include="..\ros_lib\roscpp\Empty.h">
      <Filter>Pliki nagłówkowe</Filter>
    </ClInclude>
    <ClInclude Include="..\ros_lib\roscpp\GetLoggers.h">
      <Filter>Pliki nagłówkowe</Filter>
    </ClInclude>
    <ClInclude Include="..\ros_lib\roscpp\Logger.h">
      <Filter>Pliki nagłówkowe</Filter>
    </ClInclude>
    <ClInclude Include="..\ros_lib\roscpp\SetLoggerLevel.h">
      <Filter>Pliki nagłówkowe</Filter>
    </ClInclude>
    <ClInclude Include="..\ros_lib\roscpp_tutorials\TwoInts.h">
      <Filter>Pliki nagłówkowe</Filter>
    </ClInclude>
    <ClInclude Include="..\ros_lib\rosgraph_msgs\Clock.h">
      <Filter>Pliki nagłówkowe</Filter>
    </ClInclude>
    <ClInclude Include="..\ros_lib\rosgraph_msgs\Log.h">
      <Filter>Pliki nagłówkowe</Filter>
    </ClInclude>
    <ClInclude Include="..\ros_lib\rosgraph_msgs\TopicStatistics.h">
      <Filter>Pliki nagłówkowe</Filter>
    </ClInclude>
    <ClInclude Include="..\ros_lib\rospy_tutorials\AddTwoInts.h">
      <Filter>Pliki nagłówkowe</Filter>
    </ClInclude>
    <ClInclude Include="..\ros_lib\rospy_tutorials\BadTwoInts.h">
      <Filter>Pliki nagłówkowe</Filter>
    </ClInclude>
    <ClInclude Include="..\ros_lib\rospy_tutorials\Floats.h">
      <Filter>Pliki nagłówkowe</Filter>
    </ClInclude>
    <ClInclude Include="..\ros_lib\rospy_tutorials\HeaderString.h">
      <Filter>Pliki nagłówkowe</Filter>
    </ClInclude>
    <ClInclude Include="..\ros_lib\rosserial_msgs\Log.h">
      <Filter>Pliki nagłówkowe</Filter>
    </ClInclude>
    <ClInclude Include="..\ros_lib\rosserial_msgs\RequestMessageInfo.h">
      <Filter>Pliki nagłówkowe</Filter>
    </ClInclude>
    <ClInclude Include="..\ros_lib\rosserial_msgs\RequestParam.h">
      <Filter>Pliki nagłówkowe</Filter>
    </ClInclude>
    <ClInclude Include="..\ros_lib\rosserial_msgs\RequestServiceInfo.h">
      <Filter>Pliki nagłówkowe</Filter>
    </ClInclude>
    <ClInclude Include="..\ros_lib\rosserial_msgs\TopicInfo.h">
      <Filter>Pliki nagłówkowe</Filter>
    </ClInclude>
    <ClInclude Include="..\ros_lib\sensor_msgs\BatteryState.h">
      <Filter>Pliki nagłówkowe</Filter>
    </ClInclude>
    <ClInclude Include="..\ros_lib\sensor_msgs\CameraInfo.h">
      <Filter>Pliki nagłówkowe</Filter>
    </ClInclude>
    <ClInclude Include="..\ros_lib\sensor_msgs\ChannelFloat32.h">
      <Filter>Pliki nagłówkowe</Filter>
    </ClInclude>
    <ClInclude Include="..\ros_lib\sensor_msgs\CompressedImage.h">
      <Filter>Pliki nagłówkowe</Filter>
    </ClInclude>
    <ClInclude Include="..\ros_lib\sensor_msgs\FluidPressure.h">
      <Filter>Pliki nagłówkowe</Filter>
    </ClInclude>
    <ClInclude Include="..\ros_lib\sensor_msgs\Illuminance.h">
      <Filter>Pliki nagłówkowe</Filter>
    </ClInclude>
    <ClInclude Include="..\ros_lib\sensor_msgs\Image.h">
      <Filter>Pliki nagłówkowe</Filter>
    </ClInclude>
    <ClInclude Include="..\ros_lib\sensor_msgs\Imu.h">
      <Filter>Pliki nagłówkowe</Filter>
    </ClInclude>
    <ClInclude Include="..\ros_lib\sensor_msgs\JointState.h">
      <Filter>Pliki nagłówkowe</Filter>
    </ClInclude>
    <ClInclude Include="..\ros_lib\sensor_msgs\Joy.h">
      <Filter>Pliki nagłówkowe</Filter>
    </ClInclude>
    <ClInclude Include="..\ros_lib\sensor_msgs\JoyFeedback.h">
      <Filter>Pliki nagłówkowe</Filter>
    </ClInclude>
    <ClInclude Include="..\ros_lib\sensor_msgs\JoyFeedbackArray.h">
      <Filter>Pliki nagłówkowe</Filter>
    </ClInclude>
    <ClInclude Include="..\ros_lib\sensor_msgs\LaserEcho.h">
      <Filter>Pliki nagłówkowe</Filter>
    </ClInclude>
    <ClInclude Include="..\ros_lib\sensor_msgs\LaserScan.h">
      <Filter>Pliki nagłówkowe</Filter>
    </ClInclude>
    <ClInclude Include="..\ros_lib\sensor_msgs\MagneticField.h">
      <Filter>Pliki nagłówkowe</Filter>
    </ClInclude>
    <ClInclude Include="..\ros_lib\sensor_msgs\MultiDOFJointState.h">
      <Filter>Pliki nagłówkowe</Filter>
    </ClInclude>
    <ClInclude Include="..\ros_lib\sensor_msgs\MultiEchoLaserScan.h">
      <Filter>Pliki nagłówkowe</Filter>
    </ClInclude>
    <ClInclude Include="..\ros_lib\sensor_msgs\NavSatFix.h">
      <Filter>Pliki nagłówkowe</Filter>
    </ClInclude>
    <ClInclude Include="..\ros_lib\sensor_msgs\NavSatStatus.h">
      <Filter>Pliki nagłówkowe</Filter>
    </ClInclude>
    <ClInclude Include="..\ros_lib\sensor_msgs\PointCloud.h">
      <Filter>Pliki nagłówkowe</Filter>
    </ClInclude>
    <ClInclude Include="..\ros_lib\sensor_msgs\PointCloud2.h">
      <Filter>Pliki nagłówkowe</Filter>
    </ClInclude>
    <ClInclude Include="..\ros_lib\sensor_msgs\PointField.h">
      <Filter>Pliki nagłówkowe</Filter>
    </ClInclude>
    <ClInclude Include="..\ros_lib\sensor_msgs\Range.h">
      <Filter>Pliki nagłówkowe</Filter>
    </ClInclude>
    <ClInclude Include="..\ros_lib\sensor_msgs\RegionOfInterest.h">
      <Filter>Pliki nagłówkowe</Filter>
    </ClInclude>
    <ClInclude Include="..\ros_lib\sensor_msgs\RelativeHumidity.h">
      <Filter>Pliki nagłówkowe</Filter>
    </ClInclude>
    <ClInclude Include="..\ros_lib\sensor_msgs\SetCameraInfo.h">
      <Filter>Pliki nagłówkowe</Filter>
    </ClInclude>
    <ClInclude Include="..\ros_lib\sensor_msgs\Temperature.h">
      <Filter>Pliki nagłówkowe</Filter>
    </ClInclude>
    <ClInclude Include="..\ros_lib\sensor_msgs\TimeReference.h">
      <Filter>Pliki nagłówkowe</Filter>
    </ClInclude>
    <ClInclude Include="..\ros_lib\shape_msgs\Mesh.h">
      <Filter>Pliki nagłówkowe</Filter>
    </ClInclude>
    <ClInclude Include="..\ros_lib\shape_msgs\MeshTriangle.h">
      <Filter>Pliki nagłówkowe</Filter>
    </ClInclude>
    <ClInclude Include="..\ros_lib\shape_msgs\Plane.h">
      <Filter>Pliki nagłówkowe</Filter>
    </ClInclude>
    <ClInclude Include="..\ros_lib\shape_msgs\SolidPrimitive.h">
      <Filter>Pliki nagłówkowe</Filter>
    </ClInclude>
    <ClInclude Include="..\ros_lib\smach_msgs\SmachContainerInitialStatusCmd.h">
      <Filter>Pliki nagłówkowe</Filter>
    </ClInclude>
    <ClInclude Include="..\ros_lib\smach_msgs\SmachContainerStatus.h">
      <Filter>Pliki nagłówkowe</Filter>
    </ClInclude>
    <ClInclude Include="..\ros_lib\smach_msgs\SmachContainerStructure.h">
      <Filter>Pliki nagłówkowe</Filter>
    </ClInclude>
    <ClInclude Include="..\ros_lib\std_msgs\Bool.h">
      <Filter>Pliki nagłówkowe</Filter>
    </ClInclude>
    <ClInclude Include="..\ros_lib\std_msgs\Byte.h">
      <Filter>Pliki nagłówkowe</Filter>
    </ClInclude>
    <ClInclude Include="..\ros_lib\std_msgs\ByteMultiArray.h">
      <Filter>Pliki nagłówkowe</Filter>
    </ClInclude>
    <ClInclude Include="..\ros_lib\std_msgs\Char.h">
      <Filter>Pliki nagłówkowe</Filter>
    </ClInclude>
    <ClInclude Include="..\ros_lib\std_msgs\ColorRGBA.h">
      <Filter>Pliki nagłówkowe</Filter>
    </ClInclude>
    <ClInclude Include="..\ros_lib\std_msgs\Duration.h">
      <Filter>Pliki nagłówkowe</Filter>
    </ClInclude>
    <ClInclude Include="..\ros_lib\std_msgs\Empty.h">
      <Filter>Pliki nagłówkowe</Filter>
    </ClInclude>
    <ClInclude Include="..\ros_lib\std_msgs\Float32.h">
      <Filter>Pliki nagłówkowe</Filter>
    </ClInclude>
    <ClInclude Include="..\ros_lib\std_msgs\Float32MultiArray.h">
      <Filter>Pliki nagłówkowe</Filter>
    </ClInclude>
    <ClInclude Include="..\ros_lib\std_msgs\Float64.h">
      <Filter>Pliki nagłówkowe</Filter>
    </ClInclude>
    <ClInclude Include="..\ros_lib\std_msgs\Float64MultiArray.h">
      <Filter>Pliki nagłówkowe</Filter>
    </ClInclude>
    <ClInclude Include="..\ros_lib\std_msgs\Header.h">
      <Filter>Pliki nagłówkowe</Filter>
    </ClInclude>
    <ClInclude Include="..\ros_lib\std_msgs\Int16.h">
      <Filter>Pliki nagłówkowe</Filter>
    </ClInclude>
    <ClInclude Include="..\ros_lib\std_msgs\Int16MultiArray.h">
      <Filter>Pliki nagłówkowe</Filter>
    </ClInclude>
    <ClInclude Include="..\ros_lib\std_msgs\Int32.h">
      <Filter>Pliki nagłówkowe</Filter>
    </ClInclude>
    <ClInclude Include="..\ros_lib\std_msgs\Int32MultiArray.h">
      <Filter>Pliki nagłówkowe</Filter>
    </ClInclude>
    <ClInclude Include="..\ros_lib\std_msgs\Int64.h">
      <Filter>Pliki nagłówkowe</Filter>
    </ClInclude>
    <ClInclude Include="..\ros_lib\std_msgs\Int64MultiArray.h">
      <Filter>Pliki nagłówkowe</Filter>
    </ClInclude>
    <ClInclude Include="..\ros_lib\std_msgs\Int8.h">
      <Filter>Pliki nagłówkowe</Filter>
    </ClInclude>
    <ClInclude Include="..\ros_lib\std_msgs\Int8MultiArray.h">
      <Filter>Pliki nagłówkowe</Filter>
    </ClInclude>
    <ClInclude Include="..\ros_lib\std_msgs\MultiArrayDimension.h">
      <Filter>Pliki nagłówkowe</Filter>
    </ClInclude>
    <ClInclude Include="..\ros_lib\std_msgs\MultiArrayLayout.h">
      <Filter>Pliki nagłówkowe</Filter>
    </ClInclude>
    <ClInclude Include="..\ros_lib\std_msgs\String.h">
      <Filter>Pliki nagłówkowe</Filter>
    </ClInclude>
    <ClInclude Include="..\ros_lib\std_msgs\Time.h">
      <Filter>Pliki nagłówkowe</Filter>
    </ClInclude>
    <ClInclude Include="..\ros_lib\std_msgs\UInt16.h">
      <Filter>Pliki nagłówkowe</Filter>
    </ClInclude>
    <ClInclude Include="..\ros_lib\std_msgs\UInt16MultiArray.h">
      <Filter>Pliki nagłówkowe</Filter>
    </ClInclude>
    <ClInclude Include="..\ros_lib\std_msgs\UInt32.h">
      <Filter>Pliki nagłówkowe</Filter>
    </ClInclude>
    <ClInclude Include="..\ros_lib\std_msgs\UInt32MultiArray.h">
      <Filter>Pliki nagłówkowe</Filter>
    </ClInclude>
    <ClInclude Include="..\ros_lib\std_msgs\UInt64.h">
      <Filter>Pliki nagłówkowe</Filter>
    </ClInclude>
    <ClInclude Include="..\ros_lib\std_msgs\UInt64MultiArray.h">
      <Filter>Pliki nagłówkowe</Filter>
    </ClInclude>
    <ClInclude Include="..\ros_lib\std_msgs\UInt8.h">
      <Filter>Pliki nagłówkowe</Filter>
    </ClInclude>
    <ClInclude Include="..\ros_lib\std_msgs\UInt8MultiArray.h">
      <Filter>Pliki nagłówkowe</Filter>
    </ClInclude>
    <ClInclude Include="..\ros_lib\std_srvs\Empty.h">
      <Filter>Pliki nagłówkowe</Filter>
    </ClInclude>
    <ClInclude Include="..\ros_lib\std_srvs\SetBool.h">
      <Filter>Pliki nagłówkowe</Filter>
    </ClInclude>
    <ClInclude Include="..\ros_lib\std_srvs\Trigger.h">
      <Filter>Pliki nagłówkowe</Filter>
    </ClInclude>
    <ClInclude Include="..\ros_lib\stereo_msgs\DisparityImage.h">
      <Filter>Pliki nagłówkowe</Filter>
    </ClInclude>
    <ClInclude Include="..\ros_lib\tf\FrameGraph.h">
      <Filter>Pliki nagłówkowe</Filter>
    </ClInclude>
    <ClInclude Include="..\ros_lib\tf\tf.h">
      <Filter>Pliki nagłówkowe</Filter>
    </ClInclude>
    <ClInclude Include="..\ros_lib\tf\tfMessage.h">
      <Filter>Pliki nagłówkowe</Filter>
    </ClInclude>
    <ClInclude Include="..\ros_lib\tf\transform_broadcaster.h">
      <Filter>Pliki nagłówkowe</Filter>
    </ClInclude>
    <ClInclude Include="..\ros_lib\tf2_msgs\FrameGraph.h">
      <Filter>Pliki nagłówkowe</Filter>
    </ClInclude>
    <ClInclude Include="..\ros_lib\tf2_msgs\LookupTransformAction.h">
      <Filter>Pliki nagłówkowe</Filter>
    </ClInclude>
    <ClInclude Include="..\ros_lib\tf2_msgs\LookupTransformActionFeedback.h">
      <Filter>Pliki nagłówkowe</Filter>
    </ClInclude>
    <ClInclude Include="..\ros_lib\tf2_msgs\LookupTransformActionGoal.h">
      <Filter>Pliki nagłówkowe</Filter>
    </ClInclude>
    <ClInclude Include="..\ros_lib\tf2_msgs\LookupTransformActionResult.h">
      <Filter>Pliki nagłówkowe</Filter>
    </ClInclude>
    <ClInclude Include="..\ros_lib\tf2_msgs\LookupTransformFeedback.h">
      <Filter>Pliki nagłówkowe</Filter>
    </ClInclude>
    <ClInclude Include="..\ros_lib\tf2_msgs\LookupTransformGoal.h">
      <Filter>Pliki nagłówkowe</Filter>
    </ClInclude>
    <ClInclude Include="..\ros_lib\tf2_msgs\LookupTransformResult.h">
      <Filter>Pliki nagłówkowe</Filter>
    </ClInclude>
    <ClInclude Include="..\ros_lib\tf2_msgs\TF2Error.h">
      <Filter>Pliki nagłówkowe</Filter>
    </ClInclude>
    <ClInclude Include="..\ros_lib\tf2_msgs\TFMessage.h">
      <Filter>Pliki nagłówkowe</Filter>
    </ClInclude>
    <ClInclude Include="..\ros_lib\theora_image_transport\Packet.h">
      <Filter>Pliki nagłówkowe</Filter>
    </ClInclude>
    <ClInclude Include="..\ros_lib\topic_tools\DemuxAdd.h">
      <Filter>Pliki nagłówkowe</Filter>
    </ClInclude>
    <ClInclude Include="..\ros_lib\topic_tools\DemuxDelete.h">
      <Filter>Pliki nagłówkowe</Filter>
    </ClInclude>
    <ClInclude Include="..\ros_lib\topic_tools\DemuxList.h">
      <Filter>Pliki nagłówkowe</Filter>
    </ClInclude>
    <ClInclude Include="..\ros_lib\topic_tools\DemuxSelect.h">
      <Filter>Pliki nagłówkowe</Filter>
    </ClInclude>
    <ClInclude Include="..\ros_lib\topic_tools\MuxAdd.h">
      <Filter>Pliki nagłówkowe</Filter>
    </ClInclude>
    <ClInclude Include="..\ros_lib\topic_tools\MuxDelete.h">
      <Filter>Pliki nagłówkowe</Filter>
    </ClInclude>
    <ClInclude Include="..\ros_lib\topic_tools\MuxList.h">
      <Filter>Pliki nagłówkowe</Filter>
    </ClInclude>
    <ClInclude Include="..\ros_lib\topic_tools\MuxSelect.h">
      <Filter>Pliki nagłówkowe</Filter>
    </ClInclude>
    <ClInclude Include="..\ros_lib\trajectory_msgs\JointTrajectory.h">
      <Filter>Pliki nagłówkowe</Filter>
    </ClInclude>
    <ClInclude Include="..\ros_lib\trajectory_msgs\JointTrajectoryPoint.h">
      <Filter>Pliki nagłówkowe</Filter>
    </ClInclude>
    <ClInclude Include="..\ros_lib\trajectory_msgs\MultiDOFJointTrajectory.h">
      <Filter>Pliki nagłówkowe</Filter>
    </ClInclude>
    <ClInclude Include="..\ros_lib\trajectory_msgs\MultiDOFJointTrajectoryPoint.h">
      <Filter>Pliki nagłówkowe</Filter>
    </ClInclude>
    <ClInclude Include="..\ros_lib\turtlesim\Color.h">
      <Filter>Pliki nagłówkowe</Filter>
    </ClInclude>
    <ClInclude Include="..\ros_lib\turtlesim\Kill.h">
      <Filter>Pliki nagłówkowe</Filter>
    </ClInclude>
    <ClInclude Include="..\ros_lib\turtlesim\Pose.h">
      <Filter>Pliki nagłówkowe</Filter>
    </ClInclude>
    <ClInclude Include="..\ros_lib\turtlesim\SetPen.h">
      <Filter>Pliki nagłówkowe</Filter>
    </ClInclude>
    <ClInclude Include="..\ros_lib\turtlesim\Spawn.h">
      <Filter>Pliki nagłówkowe</Filter>
    </ClInclude>
    <ClInclude Include="..\ros_lib\turtlesim\TeleportAbsolute.h">
      <Filter>Pliki nagłówkowe</Filter>
    </ClInclude>
    <ClInclude Include="..\ros_lib\turtlesim\TeleportRelative.h">
      <Filter>Pliki nagłówkowe</Filter>
    </ClInclude>
    <ClInclude Include="..\ros_lib\turtle_actionlib\ShapeAction.h">
      <Filter>Pliki nagłówkowe</Filter>
    </ClInclude>
    <ClInclude Include="..\ros_lib\turtle_actionlib\ShapeActionFeedback.h">
      <Filter>Pliki nagłówkowe</Filter>
    </ClInclude>
    <ClInclude Include="..\ros_lib\turtle_actionlib\ShapeActionGoal.h">
      <Filter>Pliki nagłówkowe</Filter>
    </ClInclude>
    <ClInclude Include="..\ros_lib\turtle_actionlib\ShapeActionResult.h">
      <Filter>Pliki nagłówkowe</Filter>
    </ClInclude>
    <ClInclude Include="..\ros_lib\turtle_actionlib\ShapeFeedback.h">
      <Filter>Pliki nagłówkowe</Filter>
    </ClInclude>
    <ClInclude Include="..\ros_lib\turtle_actionlib\ShapeGoal.h">
      <Filter>Pliki nagłówkowe</Filter>
    </ClInclude>
    <ClInclude Include="..\ros_lib\turtle_actionlib\ShapeResult.h">
      <Filter>Pliki nagłówkowe</Filter>
    </ClInclude>
    <ClInclude Include="..\ros_lib\turtle_actionlib\Velocity.h">
      <Filter>Pliki nagłówkowe</Filter>
    </ClInclude>
    <ClInclude Include="..\ros_lib\visualization_msgs\ImageMarker.h">
      <Filter>Pliki nagłówkowe</Filter>
    </ClInclude>
    <ClInclude Include="..\ros_lib\visualization_msgs\InteractiveMarker.h">
      <Filter>Pliki nagłówkowe</Filter>
    </ClInclude>
    <ClInclude Include="..\ros_lib\visualization_msgs\InteractiveMarkerControl.h">
      <Filter>Pliki nagłówkowe</Filter>
    </ClInclude>
    <ClInclude Include="..\ros_lib\visualization_msgs\InteractiveMarkerFeedback.h">
      <Filter>Pliki nagłówkowe</Filter>
    </ClInclude>
    <ClInclude Include="..\ros_lib\visualization_msgs\InteractiveMarkerInit.h">
      <Filter>Pliki nagłówkowe</Filter>
    </ClInclude>
    <ClInclude Include="..\ros_lib\visualization_msgs\InteractiveMarkerPose.h">
      <Filter>Pliki nagłówkowe</Filter>
    </ClInclude>
    <ClInclude Include="..\ros_lib\visualization_msgs\InteractiveMarkerUpdate.h">
      <Filter>Pliki nagłówkowe</Filter>
    </ClInclude>
    <ClInclude Include="..\ros_lib\visualization_msgs\Marker.h">
      <Filter>Pliki nagłówkowe</Filter>
    </ClInclude>
    <ClInclude Include="..\ros_lib\visualization_msgs\MarkerArray.h">
      <Filter>Pliki nagłówkowe</Filter>
    </ClInclude>
    <ClInclude Include="..\ros_lib\visualization_msgs\MenuEntry.h">
      <Filter>Pliki nagłówkowe</Filter>
    </ClInclude>
    <ClInclude Include="..\ros_lib\WindowsSocket.h">
      <Filter>Pliki nagłówkowe</Filter>
    </ClInclude>
  </ItemGroup>
</Project>